// !$*UTF8*$!
{
	archiveVersion = 1;
	classes = {
	};
	objectVersion = 50;
	objects = {

/* Begin PBXBuildFile section */
		2DC5EAA824186EAA00455284 /* AppDelegate.swift in Sources */ = {isa = PBXBuildFile; fileRef = 2DC5EAA724186EAA00455284 /* AppDelegate.swift */; };
		2DC5EAAA24186EAA00455284 /* SceneDelegate.swift in Sources */ = {isa = PBXBuildFile; fileRef = 2DC5EAA924186EAA00455284 /* SceneDelegate.swift */; };
		2DC5EAAF24186EAA00455284 /* Main.storyboard in Resources */ = {isa = PBXBuildFile; fileRef = 2DC5EAAD24186EAA00455284 /* Main.storyboard */; };
		2DC5EAB124186EAC00455284 /* Assets.xcassets in Resources */ = {isa = PBXBuildFile; fileRef = 2DC5EAB024186EAC00455284 /* Assets.xcassets */; };
		2DC5EAB424186EAC00455284 /* LaunchScreen.storyboard in Resources */ = {isa = PBXBuildFile; fileRef = 2DC5EAB224186EAC00455284 /* LaunchScreen.storyboard */; };
		2DC5EAC02418701F00455284 /* FirstVC.swift in Sources */ = {isa = PBXBuildFile; fileRef = 2DC5EABF2418701F00455284 /* FirstVC.swift */; };
		2DC5EAC22418703400455284 /* SecondVC.swift in Sources */ = {isa = PBXBuildFile; fileRef = 2DC5EAC12418703400455284 /* SecondVC.swift */; };
		2DC5EAC524187F8500455284 /* BullsEye.html in Resources */ = {isa = PBXBuildFile; fileRef = 2DC5EAC424187F8500455284 /* BullsEye.html */; };
/* End PBXBuildFile section */

/* Begin PBXFileReference section */
		2DC5EAA424186EAA00455284 /* MyBullsEyeApp.app */ = {isa = PBXFileReference; explicitFileType = wrapper.application; includeInIndex = 0; path = MyBullsEyeApp.app; sourceTree = BUILT_PRODUCTS_DIR; };
		2DC5EAA724186EAA00455284 /* AppDelegate.swift */ = {isa = PBXFileReference; lastKnownFileType = sourcecode.swift; path = AppDelegate.swift; sourceTree = "<group>"; };
		2DC5EAA924186EAA00455284 /* SceneDelegate.swift */ = {isa = PBXFileReference; lastKnownFileType = sourcecode.swift; path = SceneDelegate.swift; sourceTree = "<group>"; };
		2DC5EAAE24186EAA00455284 /* Base */ = {isa = PBXFileReference; lastKnownFileType = file.storyboard; name = Base; path = Base.lproj/Main.storyboard; sourceTree = "<group>"; };
		2DC5EAB024186EAC00455284 /* Assets.xcassets */ = {isa = PBXFileReference; lastKnownFileType = folder.assetcatalog; path = Assets.xcassets; sourceTree = "<group>"; };
		2DC5EAB324186EAC00455284 /* Base */ = {isa = PBXFileReference; lastKnownFileType = file.storyboard; name = Base; path = Base.lproj/LaunchScreen.storyboard; sourceTree = "<group>"; };
		2DC5EAB524186EAC00455284 /* Info.plist */ = {isa = PBXFileReference; lastKnownFileType = text.plist.xml; path = Info.plist; sourceTree = "<group>"; };
		2DC5EABF2418701F00455284 /* FirstVC.swift */ = {isa = PBXFileReference; lastKnownFileType = sourcecode.swift; path = FirstVC.swift; sourceTree = "<group>"; };
		2DC5EAC12418703400455284 /* SecondVC.swift */ = {isa = PBXFileReference; lastKnownFileType = sourcecode.swift; path = SecondVC.swift; sourceTree = "<group>"; };
		2DC5EAC424187F8500455284 /* BullsEye.html */ = {isa = PBXFileReference; fileEncoding = 4; lastKnownFileType = text.html; path = BullsEye.html; sourceTree = "<group>"; };
/* End PBXFileReference section */

/* Begin PBXFrameworksBuildPhase section */
		2DC5EAA124186EAA00455284 /* Frameworks */ = {
			isa = PBXFrameworksBuildPhase;
			buildActionMask = 2147483647;
			files = (
			);
			runOnlyForDeploymentPostprocessing = 0;
		};
/* End PBXFrameworksBuildPhase section */

/* Begin PBXGroup section */
		2DC5EA9B24186EAA00455284 = {
			isa = PBXGroup;
			children = (
				2DC5EAC324187F4100455284 /* Resources */,
				2DC5EABE24186FE800455284 /* App Delegates */,
				2DC5EABD24186FD600455284 /* Controller */,
				2DC5EABC24186FD000455284 /* View */,
				2DC5EABB24186FC700455284 /* Model */,
				2DC5EAA624186EAA00455284 /* MyBullsEyeApp */,
				2DC5EAA524186EAA00455284 /* Products */,
			);
			sourceTree = "<group>";
		};
		2DC5EAA524186EAA00455284 /* Products */ = {
			isa = PBXGroup;
			children = (
				2DC5EAA424186EAA00455284 /* MyBullsEyeApp.app */,
			);
			name = Products;
			sourceTree = "<group>";
		};
		2DC5EAA624186EAA00455284 /* MyBullsEyeApp */ = {
			isa = PBXGroup;
			children = (
				2DC5EAB024186EAC00455284 /* Assets.xcassets */,
				2DC5EAB524186EAC00455284 /* Info.plist */,
			);
			path = MyBullsEyeApp;
			sourceTree = "<group>";
		};
		2DC5EABB24186FC700455284 /* Model */ = {
			isa = PBXGroup;
			children = (
			);
			path = Model;
			sourceTree = "<group>";
		};
		2DC5EABC24186FD000455284 /* View */ = {
			isa = PBXGroup;
			children = (
				2DC5EAAD24186EAA00455284 /* Main.storyboard */,
				2DC5EAB224186EAC00455284 /* LaunchScreen.storyboard */,
			);
			path = View;
			sourceTree = "<group>";
		};
		2DC5EABD24186FD600455284 /* Controller */ = {
			isa = PBXGroup;
			children = (
				2DC5EABF2418701F00455284 /* FirstVC.swift */,
				2DC5EAC12418703400455284 /* SecondVC.swift */,
			);
			path = Controller;
			sourceTree = "<group>";
		};
		2DC5EABE24186FE800455284 /* App Delegates */ = {
			isa = PBXGroup;
			children = (
				2DC5EAA724186EAA00455284 /* AppDelegate.swift */,
				2DC5EAA924186EAA00455284 /* SceneDelegate.swift */,
			);
			path = "App Delegates";
			sourceTree = "<group>";
		};
		2DC5EAC324187F4100455284 /* Resources */ = {
			isa = PBXGroup;
			children = (
				2DC5EAC424187F8500455284 /* BullsEye.html */,
			);
			path = Resources;
			sourceTree = "<group>";
		};
/* End PBXGroup section */

/* Begin PBXNativeTarget section */
		2DC5EAA324186EAA00455284 /* MyBullsEyeApp */ = {
			isa = PBXNativeTarget;
			buildConfigurationList = 2DC5EAB824186EAC00455284 /* Build configuration list for PBXNativeTarget "MyBullsEyeApp" */;
			buildPhases = (
				2DC5EAA024186EAA00455284 /* Sources */,
				2DC5EAA124186EAA00455284 /* Frameworks */,
				2DC5EAA224186EAA00455284 /* Resources */,
			);
			buildRules = (
			);
			dependencies = (
			);
			name = MyBullsEyeApp;
			productName = MyBullsEyeApp;
			productReference = 2DC5EAA424186EAA00455284 /* MyBullsEyeApp.app */;
			productType = "com.apple.product-type.application";
		};
/* End PBXNativeTarget section */

/* Begin PBXProject section */
		2DC5EA9C24186EAA00455284 /* Project object */ = {
			isa = PBXProject;
			attributes = {
				LastSwiftUpdateCheck = 1110;
				LastUpgradeCheck = 1110;
				ORGANIZATIONNAME = G50;
				TargetAttributes = {
					2DC5EAA324186EAA00455284 = {
						CreatedOnToolsVersion = 11.1;
					};
				};
			};
			buildConfigurationList = 2DC5EA9F24186EAA00455284 /* Build configuration list for PBXProject "MyBullsEyeApp" */;
			compatibilityVersion = "Xcode 9.3";
			developmentRegion = en;
			hasScannedForEncodings = 0;
			knownRegions = (
				en,
				Base,
			);
			mainGroup = 2DC5EA9B24186EAA00455284;
			productRefGroup = 2DC5EAA524186EAA00455284 /* Products */;
			projectDirPath = "";
			projectRoot = "";
			targets = (
				2DC5EAA324186EAA00455284 /* MyBullsEyeApp */,
			);
		};
/* End PBXProject section */

/* Begin PBXResourcesBuildPhase section */
		2DC5EAA224186EAA00455284 /* Resources */ = {
			isa = PBXResourcesBuildPhase;
			buildActionMask = 2147483647;
			files = (
				2DC5EAB424186EAC00455284 /* LaunchScreen.storyboard in Resources */,
				2DC5EAC524187F8500455284 /* BullsEye.html in Resources */,
				2DC5EAB124186EAC00455284 /* Assets.xcassets in Resources */,
				2DC5EAAF24186EAA00455284 /* Main.storyboard in Resources */,
			);
			runOnlyForDeploymentPostprocessing = 0;
		};
/* End PBXResourcesBuildPhase section */

/* Begin PBXSourcesBuildPhase section */
		2DC5EAA024186EAA00455284 /* Sources */ = {
			isa = PBXSourcesBuildPhase;
			buildActionMask = 2147483647;
			files = (
				2DC5EAA824186EAA00455284 /* AppDelegate.swift in Sources */,
				2DC5EAC02418701F00455284 /* FirstVC.swift in Sources */,
				2DC5EAC22418703400455284 /* SecondVC.swift in Sources */,
				2DC5EAAA24186EAA00455284 /* SceneDelegate.swift in Sources */,
			);
			runOnlyForDeploymentPostprocessing = 0;
		};
/* End PBXSourcesBuildPhase section */

/* Begin PBXVariantGroup section */
		2DC5EAAD24186EAA00455284 /* Main.storyboard */ = {
			isa = PBXVariantGroup;
			children = (
				2DC5EAAE24186EAA00455284 /* Base */,
			);
			name = Main.storyboard;
			sourceTree = "<group>";
		};
		2DC5EAB224186EAC00455284 /* LaunchScreen.storyboard */ = {
			isa = PBXVariantGroup;
			children = (
				2DC5EAB324186EAC00455284 /* Base */,
			);
			name = LaunchScreen.storyboard;
			sourceTree = "<group>";
		};
/* End PBXVariantGroup section */

/* Begin XCBuildConfiguration section */
		2DC5EAB624186EAC00455284 /* Debug */ = {
			isa = XCBuildConfiguration;
			buildSettings = {
				ALWAYS_SEARCH_USER_PATHS = NO;
				CLANG_ANALYZER_NONNULL = YES;
				CLANG_ANALYZER_NUMBER_OBJECT_CONVERSION = YES_AGGRESSIVE;
				CLANG_CXX_LANGUAGE_STANDARD = "gnu++14";
				CLANG_CXX_LIBRARY = "libc++";
				CLANG_ENABLE_MODULES = YES;
				CLANG_ENABLE_OBJC_ARC = YES;
				CLANG_ENABLE_OBJC_WEAK = YES;
				CLANG_WARN_BLOCK_CAPTURE_AUTORELEASING = YES;
				CLANG_WARN_BOOL_CONVERSION = YES;
				CLANG_WARN_COMMA = YES;
				CLANG_WARN_CONSTANT_CONVERSION = YES;
				CLANG_WARN_DEPRECATED_OBJC_IMPLEMENTATIONS = YES;
				CLANG_WARN_DIRECT_OBJC_ISA_USAGE = YES_ERROR;
				CLANG_WARN_DOCUMENTATION_COMMENTS = YES;
				CLANG_WARN_EMPTY_BODY = YES;
				CLANG_WARN_ENUM_CONVERSION = YES;
				CLANG_WARN_INFINITE_RECURSION = YES;
				CLANG_WARN_INT_CONVERSION = YES;
				CLANG_WARN_NON_LITERAL_NULL_CONVERSION = YES;
				CLANG_WARN_OBJC_IMPLICIT_RETAIN_SELF = YES;
				CLANG_WARN_OBJC_LITERAL_CONVERSION = YES;
				CLANG_WARN_OBJC_ROOT_CLASS = YES_ERROR;
				CLANG_WARN_RANGE_LOOP_ANALYSIS = YES;
				CLANG_WARN_STRICT_PROTOTYPES = YES;
				CLANG_WARN_SUSPICIOUS_MOVE = YES;
				CLANG_WARN_UNGUARDED_AVAILABILITY = YES_AGGRESSIVE;
				CLANG_WARN_UNREACHABLE_CODE = YES;
				CLANG_WARN__DUPLICATE_METHOD_MATCH = YES;
				COPY_PHASE_STRIP = NO;
				DEBUG_INFORMATION_FORMAT = dwarf;
				ENABLE_STRICT_OBJC_MSGSEND = YES;
				ENABLE_TESTABILITY = YES;
				GCC_C_LANGUAGE_STANDARD = gnu11;
				GCC_DYNAMIC_NO_PIC = NO;
				GCC_NO_COMMON_BLOCKS = YES;
				GCC_OPTIMIZATION_LEVEL = 0;
				GCC_PREPROCESSOR_DEFINITIONS = (
					"DEBUG=1",
					"$(inherited)",
				);
				GCC_WARN_64_TO_32_BIT_CONVERSION = YES;
				GCC_WARN_ABOUT_RETURN_TYPE = YES_ERROR;
				GCC_WARN_UNDECLARED_SELECTOR = YES;
				GCC_WARN_UNINITIALIZED_AUTOS = YES_AGGRESSIVE;
				GCC_WARN_UNUSED_FUNCTION = YES;
				GCC_WARN_UNUSED_VARIABLE = YES;
				IPHONEOS_DEPLOYMENT_TARGET = 13.1;
				MTL_ENABLE_DEBUG_INFO = INCLUDE_SOURCE;
				MTL_FAST_MATH = YES;
				ONLY_ACTIVE_ARCH = YES;
				SDKROOT = iphoneos;
				SWIFT_ACTIVE_COMPILATION_CONDITIONS = DEBUG;
				SWIFT_OPTIMIZATION_LEVEL = "-Onone";
			};
			name = Debug;
		};
		2DC5EAB724186EAC00455284 /* Release */ = {
			isa = XCBuildConfiguration;
			buildSettings = {
				ALWAYS_SEARCH_USER_PATHS = NO;
				CLANG_ANALYZER_NONNULL = YES;
				CLANG_ANALYZER_NUMBER_OBJECT_CONVERSION = YES_AGGRESSIVE;
				CLANG_CXX_LANGUAGE_STANDARD = "gnu++14";
				CLANG_CXX_LIBRARY = "libc++";
				CLANG_ENABLE_MODULES = YES;
				CLANG_ENABLE_OBJC_ARC = YES;
				CLANG_ENABLE_OBJC_WEAK = YES;
				CLANG_WARN_BLOCK_CAPTURE_AUTORELEASING = YES;
				CLANG_WARN_BOOL_CONVERSION = YES;
				CLANG_WARN_COMMA = YES;
				CLANG_WARN_CONSTANT_CONVERSION = YES;
				CLANG_WARN_DEPRECATED_OBJC_IMPLEMENTATIONS = YES;
				CLANG_WARN_DIRECT_OBJC_ISA_USAGE = YES_ERROR;
				CLANG_WARN_DOCUMENTATION_COMMENTS = YES;
				CLANG_WARN_EMPTY_BODY = YES;
				CLANG_WARN_ENUM_CONVERSION = YES;
				CLANG_WARN_INFINITE_RECURSION = YES;
				CLANG_WARN_INT_CONVERSION = YES;
				CLANG_WARN_NON_LITERAL_NULL_CONVERSION = YES;
				CLANG_WARN_OBJC_IMPLICIT_RETAIN_SELF = YES;
				CLANG_WARN_OBJC_LITERAL_CONVERSION = YES;
				CLANG_WARN_OBJC_ROOT_CLASS = YES_ERROR;
				CLANG_WARN_RANGE_LOOP_ANALYSIS = YES;
				CLANG_WARN_STRICT_PROTOTYPES = YES;
				CLANG_WARN_SUSPICIOUS_MOVE = YES;
				CLANG_WARN_UNGUARDED_AVAILABILITY = YES_AGGRESSIVE;
				CLANG_WARN_UNREACHABLE_CODE = YES;
				CLANG_WARN__DUPLICATE_METHOD_MATCH = YES;
				COPY_PHASE_STRIP = NO;
				DEBUG_INFORMATION_FORMAT = "dwarf-with-dsym";
				ENABLE_NS_ASSERTIONS = NO;
				ENABLE_STRICT_OBJC_MSGSEND = YES;
				GCC_C_LANGUAGE_STANDARD = gnu11;
				GCC_NO_COMMON_BLOCKS = YES;
				GCC_WARN_64_TO_32_BIT_CONVERSION = YES;
				GCC_WARN_ABOUT_RETURN_TYPE = YES_ERROR;
				GCC_WARN_UNDECLARED_SELECTOR = YES;
				GCC_WARN_UNINITIALIZED_AUTOS = YES_AGGRESSIVE;
				GCC_WARN_UNUSED_FUNCTION = YES;
				GCC_WARN_UNUSED_VARIABLE = YES;
				IPHONEOS_DEPLOYMENT_TARGET = 13.1;
				MTL_ENABLE_DEBUG_INFO = NO;
				MTL_FAST_MATH = YES;
				SDKROOT = iphoneos;
				SWIFT_COMPILATION_MODE = wholemodule;
				SWIFT_OPTIMIZATION_LEVEL = "-O";
				VALIDATE_PRODUCT = YES;
			};
			name = Release;
		};
		2DC5EAB924186EAC00455284 /* Debug */ = {
			isa = XCBuildConfiguration;
			buildSettings = {
				ASSETCATALOG_COMPILER_APPICON_NAME = AppIcon;
				CODE_SIGN_STYLE = Automatic;
				DEVELOPMENT_TEAM = AXXZRD75ML;
				INFOPLIST_FILE = MyBullsEyeApp/Info.plist;
				LD_RUNPATH_SEARCH_PATHS = (
					"$(inherited)",
					"@executable_path/Frameworks",
				);
				PRODUCT_BUNDLE_IDENTIFIER = com.MyBullsEyeApp.MyBullsEyeApp;
				PRODUCT_NAME = "$(TARGET_NAME)";
				SWIFT_VERSION = 5.0;
				TARGETED_DEVICE_FAMILY = "1,2";
			};
			name = Debug;
		};
		2DC5EABA24186EAC00455284 /* Release */ = {
			isa = XCBuildConfiguration;
			buildSettings = {
				ASSETCATALOG_COMPILER_APPICON_NAME = AppIcon;
				CODE_SIGN_STYLE = Automatic;
				DEVELOPMENT_TEAM = AXXZRD75ML;
				INFOPLIST_FILE = MyBullsEyeApp/Info.plist;
				LD_RUNPATH_SEARCH_PATHS = (
					"$(inherited)",
					"@executable_path/Frameworks",
				);
				PRODUCT_BUNDLE_IDENTIFIER = com.MyBullsEyeApp.MyBullsEyeApp;
				PRODUCT_NAME = "$(TARGET_NAME)";
				SWIFT_VERSION = 5.0;
				TARGETED_DEVICE_FAMILY = "1,2";
			};
			name = Release;
		};
/* End XCBuildConfiguration section */

/* Begin XCConfigurationList section */
		2DC5EA9F24186EAA00455284 /* Build configuration list for PBXProject "MyBullsEyeApp" */ = {
			isa = XCConfigurationList;
			buildConfigurations = (
				2DC5EAB624186EAC00455284 /* Debug */,
				2DC5EAB724186EAC00455284 /* Release */,
			);
			defaultConfigurationIsVisible = 0;
			defaultConfigurationName = Release;
		};
		2DC5EAB824186EAC00455284 /* Build configuration list for PBXNativeTarget "MyBullsEyeApp" */ = {
			isa = XCConfigurationList;
			buildConfigurations = (
				2DC5EAB924186EAC00455284 /* Debug */,
				2DC5EABA24186EAC00455284 /* Release */,
			);
			defaultConfigurationIsVisible = 0;
			defaultConfigurationName = Release;
		};
/* End XCConfigurationList section */
	};
	rootObject = 2DC5EA9C24186EAA00455284 /* Project object */;
}
